<?xml version="1.0" encoding="utf-8"?>
<Project ToolsVersion="4.0" xmlns="http://schemas.microsoft.com/developer/msbuild/2003">
  <ItemGroup>
    <Filter Include="Documentation">
      <UniqueIdentifier>{8a8d52bf-b559-47d5-963e-29d2d721b9a4}</UniqueIdentifier>
    </Filter>
    <Filter Include="Tests">
      <UniqueIdentifier>{d85f7a4d-f099-46c8-a0d2-266d7ec9f395}</UniqueIdentifier>
    </Filter>
    <Filter Include="Core">
      <UniqueIdentifier>{97d4e145-9f9f-42cc-b31d-987b58c21041}</UniqueIdentifier>
    </Filter>
    <Filter Include="Interface">
      <UniqueIdentifier>{9d9433fe-98c6-42c6-85e0-dd84ec360980}</UniqueIdentifier>
    </Filter>
  </ItemGroup>
  <ItemGroup>
    <ClInclude Include="src\Lexer.h">
      <Filter>Core</Filter>
    </ClInclude>
    <ClInclude Include="src\Node.h">
      <Filter>Core</Filter>
    </ClInclude>
    <ClInclude Include="src\Operator.h">
      <Filter>Core</Filter>
    </ClInclude>
    <ClInclude Include="src\Scope.h">
      <Filter>Core</Filter>
    </ClInclude>
    <ClInclude Include="src\Parser.h">
      <Filter>Core</Filter>
    </ClInclude>
    <ClInclude Include="src\Variable.h">
      <Filter>Core</Filter>
    </ClInclude>
    <ClInclude Include="src\Exception.h">
      <Filter>Core</Filter>
    </ClInclude>
    <ClInclude Include="src\Console.h">
      <Filter>Interface</Filter>
    </ClInclude>
    <ClInclude Include="src\Version.h">
      <Filter>Core</Filter>
    </ClInclude>
    <ClInclude Include="src\Interpreter.h">
      <Filter>Core</Filter>
    </ClInclude>
    <ClInclude Include="src\Visitor.h">
      <Filter>Core</Filter>
    </ClInclude>
  </ItemGroup>
  <ItemGroup>
    <None Include="README.md">
      <Filter>Documentation</Filter>
    </None>
    <None Include="code.j">
      <Filter>Tests</Filter>
    </None>
    <None Include="other_code.j">
      <Filter>Tests</Filter>
    </None>
    <None Include="TODO.md">
      <Filter>Documentation</Filter>
    </None>
  </ItemGroup>
  <ItemGroup>
    <ClCompile Include="src\main.cpp">
      <Filter>Interface</Filter>
    </ClCompile>
    <ClCompile Include="src\Operator.cpp">
      <Filter>Core</Filter>
    </ClCompile>
    <ClCompile Include="src\Block.cpp">
      <Filter>Core</Filter>
    </ClCompile>
    <ClCompile Include="src\Node.cpp">
      <Filter>Core</Filter>
    </ClCompile>
    <ClCompile Include="src\Visitor.cpp">
      <Filter>Core</Filter>
    </ClCompile>
  </ItemGroup>
</Project>