<?xml version="1.0" encoding="utf-8"?>
<Project ToolsVersion="4.0" xmlns="http://schemas.microsoft.com/developer/msbuild/2003">
  <ItemGroup>
    <Filter Include="Documentation">
      <UniqueIdentifier>{8a8d52bf-b559-47d5-963e-29d2d721b9a4}</UniqueIdentifier>
    </Filter>
    <Filter Include="Core">
      <UniqueIdentifier>{97d4e145-9f9f-42cc-b31d-987b58c21041}</UniqueIdentifier>
    </Filter>
    <Filter Include="Runner">
      <UniqueIdentifier>{62417e8a-7a05-4e2f-93fb-f2100ca3b3eb}</UniqueIdentifier>
    </Filter>
  </ItemGroup>
  <ItemGroup>
    <ClInclude Include="src\Lexer.h">
      <Filter>Core</Filter>
    </ClInclude>
    <ClInclude Include="src\Node.h">
      <Filter>Core</Filter>
    </ClInclude>
    <ClInclude Include="src\Scope.h">
      <Filter>Core</Filter>
    </ClInclude>
    <ClInclude Include="src\Parser.h">
      <Filter>Core</Filter>
    </ClInclude>
    <ClInclude Include="src\Variable.h">
      <Filter>Core</Filter>
    </ClInclude>
    <ClInclude Include="src\Exception.h">
      <Filter>Core</Filter>
    </ClInclude>
    <ClInclude Include="src\Interpreter.h">
      <Filter>Core</Filter>
    </ClInclude>
    <ClInclude Include="src\NodeVisitor.h" />
    <ClInclude Include="src\RunVisitor.h">
      <Filter>Core</Filter>
    </ClInclude>
    <ClInclude Include="src\Resolver.h">
      <Filter>Core</Filter>
    </ClInclude>
    <ClInclude Include="src\Console.h">
      <Filter>Runner</Filter>
    </ClInclude>
    <ClInclude Include="src\Visitor.h" />
  </ItemGroup>
  <ItemGroup>
    <None Include="README.md">
      <Filter>Documentation</Filter>
    </None>
    <None Include="TODO.md">
      <Filter>Documentation</Filter>
    </None>
  </ItemGroup>
  <ItemGroup>
    <ClCompile Include="src\Node.cpp">
      <Filter>Core</Filter>
    </ClCompile>
    <ClCompile Include="src\RunVisitor.cpp">
      <Filter>Core</Filter>
    </ClCompile>
    <ClCompile Include="src\Resolver.cpp">
      <Filter>Core</Filter>
    </ClCompile>
    <ClCompile Include="src\main.cpp">
      <Filter>Runner</Filter>
    </ClCompile>
  </ItemGroup>
</Project>